
Microsoft Visual Studio Solution File, Format Version 12.00
# Visual Studio Version 17
VisualStudioVersion = 17.6.33829.357
MinimumVisualStudioVersion = 10.0.40219.1
Project("{FAE04EC0-301F-11D3-BF4B-00C04F79EFBC}") = "TrungTo-HauTo", "TrungTo-HauTo\TrungTo-HauTo.csproj", "{9C2AF52E-2059-421F-9BAF-C25F0D3CF107}"
EndProject
Global
	GlobalSection(SolutionConfigurationPlatforms) = preSolution
		Debug|Any CPU = Debug|Any CPU
		Release|Any CPU = Release|Any CPU
	EndGlobalSection
	GlobalSection(ProjectConfigurationPlatforms) = postSolution
		{9C2AF52E-2059-421F-9BAF-C25F0D3CF107}.Debug|Any CPU.ActiveCfg = Debug|Any CPU
		{9C2AF52E-2059-421F-9BAF-C25F0D3CF107}.Debug|Any CPU.Build.0 = Debug|Any CPU
		{9C2AF52E-2059-421F-9BAF-C25F0D3CF107}.Release|Any CPU.ActiveCfg = Release|Any CPU
		{9C2AF52E-2059-421F-9BAF-C25F0D3CF107}.Release|Any CPU.Build.0 = Release|Any CPU
	EndGlobalSection
	GlobalSection(SolutionProperties) = preSolution
		HideSolutionNode = FALSE
	EndGlobalSection
	GlobalSection(ExtensibilityGlobals) = postSolution
		SolutionGuid = {E73E948E-B402-413B-9810-7A2912ED3D74}
	EndGlobalSection
EndGlobal
