
Microsoft Visual Studio Solution File, Format Version 12.00
# Visual Studio Version 17
VisualStudioVersion = 17.5.33516.290
MinimumVisualStudioVersion = 10.0.40219.1
Project("{FAE04EC0-301F-11D3-BF4B-00C04F79EFBC}") = "DatetimePicker", "DatetimePicker\DatetimePicker.csproj", "{7C4EBA06-DBF0-458E-9964-B1E1377C1ACA}"
EndProject
Global
	GlobalSection(SolutionConfigurationPlatforms) = preSolution
		Debug|Any CPU = Debug|Any CPU
		Release|Any CPU = Release|Any CPU
	EndGlobalSection
	GlobalSection(ProjectConfigurationPlatforms) = postSolution
		{7C4EBA06-DBF0-458E-9964-B1E1377C1ACA}.Debug|Any CPU.ActiveCfg = Debug|Any CPU
		{7C4EBA06-DBF0-458E-9964-B1E1377C1ACA}.Debug|Any CPU.Build.0 = Debug|Any CPU
		{7C4EBA06-DBF0-458E-9964-B1E1377C1ACA}.Release|Any CPU.ActiveCfg = Release|Any CPU
		{7C4EBA06-DBF0-458E-9964-B1E1377C1ACA}.Release|Any CPU.Build.0 = Release|Any CPU
	EndGlobalSection
	GlobalSection(SolutionProperties) = preSolution
		HideSolutionNode = FALSE
	EndGlobalSection
	GlobalSection(ExtensibilityGlobals) = postSolution
		SolutionGuid = {25F93EE5-1270-436F-BBA1-494D19B07C52}
	EndGlobalSection
EndGlobal
