
Microsoft Visual Studio Solution File, Format Version 12.00
# Visual Studio Version 17
VisualStudioVersion = 17.6.33829.357
MinimumVisualStudioVersion = 10.0.40219.1
Project("{FAE04EC0-301F-11D3-BF4B-00C04F79EFBC}") = "ontap", "ontap\ontap.csproj", "{B74137AB-26D6-48C9-BC6E-2991041D6AC4}"
EndProject
Global
	GlobalSection(SolutionConfigurationPlatforms) = preSolution
		Debug|Any CPU = Debug|Any CPU
		Release|Any CPU = Release|Any CPU
	EndGlobalSection
	GlobalSection(ProjectConfigurationPlatforms) = postSolution
		{B74137AB-26D6-48C9-BC6E-2991041D6AC4}.Debug|Any CPU.ActiveCfg = Debug|Any CPU
		{B74137AB-26D6-48C9-BC6E-2991041D6AC4}.Debug|Any CPU.Build.0 = Debug|Any CPU
		{B74137AB-26D6-48C9-BC6E-2991041D6AC4}.Release|Any CPU.ActiveCfg = Release|Any CPU
		{B74137AB-26D6-48C9-BC6E-2991041D6AC4}.Release|Any CPU.Build.0 = Release|Any CPU
	EndGlobalSection
	GlobalSection(SolutionProperties) = preSolution
		HideSolutionNode = FALSE
	EndGlobalSection
	GlobalSection(ExtensibilityGlobals) = postSolution
		SolutionGuid = {4D4C1733-0A5F-42D9-AC25-ABA5A21920E4}
	EndGlobalSection
EndGlobal
