
Microsoft Visual Studio Solution File, Format Version 12.00
# Visual Studio Version 17
VisualStudioVersion = 17.6.33829.357
MinimumVisualStudioVersion = 10.0.40219.1
Project("{FAE04EC0-301F-11D3-BF4B-00C04F79EFBC}") = "WebApplication1", "WebApplication1\WebApplication1.csproj", "{E5B93A7E-902E-4CF2-B680-BD29DB8E292B}"
EndProject
Global
	GlobalSection(SolutionConfigurationPlatforms) = preSolution
		Debug|Any CPU = Debug|Any CPU
		Release|Any CPU = Release|Any CPU
	EndGlobalSection
	GlobalSection(ProjectConfigurationPlatforms) = postSolution
		{E5B93A7E-902E-4CF2-B680-BD29DB8E292B}.Debug|Any CPU.ActiveCfg = Debug|Any CPU
		{E5B93A7E-902E-4CF2-B680-BD29DB8E292B}.Debug|Any CPU.Build.0 = Debug|Any CPU
		{E5B93A7E-902E-4CF2-B680-BD29DB8E292B}.Release|Any CPU.ActiveCfg = Release|Any CPU
		{E5B93A7E-902E-4CF2-B680-BD29DB8E292B}.Release|Any CPU.Build.0 = Release|Any CPU
	EndGlobalSection
	GlobalSection(SolutionProperties) = preSolution
		HideSolutionNode = FALSE
	EndGlobalSection
	GlobalSection(ExtensibilityGlobals) = postSolution
		SolutionGuid = {73856F77-8B97-4CA9-9146-D248E60D6E0E}
	EndGlobalSection
EndGlobal
