
Microsoft Visual Studio Solution File, Format Version 12.00
# Visual Studio Version 17
VisualStudioVersion = 17.6.33829.357
MinimumVisualStudioVersion = 10.0.40219.1
Project("{FAE04EC0-301F-11D3-BF4B-00C04F79EFBC}") = "WebApplication2", "WebApplication2\WebApplication2.csproj", "{5F6BB77F-D2B1-4713-8DA0-0799E0A1E89B}"
EndProject
Global
	GlobalSection(SolutionConfigurationPlatforms) = preSolution
		Debug|Any CPU = Debug|Any CPU
		Release|Any CPU = Release|Any CPU
	EndGlobalSection
	GlobalSection(ProjectConfigurationPlatforms) = postSolution
		{5F6BB77F-D2B1-4713-8DA0-0799E0A1E89B}.Debug|Any CPU.ActiveCfg = Debug|Any CPU
		{5F6BB77F-D2B1-4713-8DA0-0799E0A1E89B}.Debug|Any CPU.Build.0 = Debug|Any CPU
		{5F6BB77F-D2B1-4713-8DA0-0799E0A1E89B}.Release|Any CPU.ActiveCfg = Release|Any CPU
		{5F6BB77F-D2B1-4713-8DA0-0799E0A1E89B}.Release|Any CPU.Build.0 = Release|Any CPU
	EndGlobalSection
	GlobalSection(SolutionProperties) = preSolution
		HideSolutionNode = FALSE
	EndGlobalSection
	GlobalSection(ExtensibilityGlobals) = postSolution
		SolutionGuid = {AE52DBBC-BF73-43EF-8684-F37A5C50A0B3}
	EndGlobalSection
EndGlobal
