
Microsoft Visual Studio Solution File, Format Version 12.00
# Visual Studio Version 17
VisualStudioVersion = 17.6.33829.357
MinimumVisualStudioVersion = 10.0.40219.1
Project("{FAE04EC0-301F-11D3-BF4B-00C04F79EFBC}") = "tet", "tet\tet.csproj", "{9101134E-CE5E-45FC-9A83-E9F80C4EF933}"
EndProject
Global
	GlobalSection(SolutionConfigurationPlatforms) = preSolution
		Debug|Any CPU = Debug|Any CPU
		Release|Any CPU = Release|Any CPU
	EndGlobalSection
	GlobalSection(ProjectConfigurationPlatforms) = postSolution
		{9101134E-CE5E-45FC-9A83-E9F80C4EF933}.Debug|Any CPU.ActiveCfg = Debug|Any CPU
		{9101134E-CE5E-45FC-9A83-E9F80C4EF933}.Debug|Any CPU.Build.0 = Debug|Any CPU
		{9101134E-CE5E-45FC-9A83-E9F80C4EF933}.Release|Any CPU.ActiveCfg = Release|Any CPU
		{9101134E-CE5E-45FC-9A83-E9F80C4EF933}.Release|Any CPU.Build.0 = Release|Any CPU
	EndGlobalSection
	GlobalSection(SolutionProperties) = preSolution
		HideSolutionNode = FALSE
	EndGlobalSection
	GlobalSection(ExtensibilityGlobals) = postSolution
		SolutionGuid = {D57B65E6-7AA9-4BEA-9549-01654B606256}
	EndGlobalSection
EndGlobal
