
Microsoft Visual Studio Solution File, Format Version 12.00
# Visual Studio Version 17
VisualStudioVersion = 17.6.33829.357
MinimumVisualStudioVersion = 10.0.40219.1
Project("{FAE04EC0-301F-11D3-BF4B-00C04F79EFBC}") = "btvn_Tuan4", "btvn_Tuan4\btvn_Tuan4.csproj", "{244AA102-41A8-40C3-ABC3-DC81D435973F}"
EndProject
Global
	GlobalSection(SolutionConfigurationPlatforms) = preSolution
		Debug|Any CPU = Debug|Any CPU
		Release|Any CPU = Release|Any CPU
	EndGlobalSection
	GlobalSection(ProjectConfigurationPlatforms) = postSolution
		{244AA102-41A8-40C3-ABC3-DC81D435973F}.Debug|Any CPU.ActiveCfg = Debug|Any CPU
		{244AA102-41A8-40C3-ABC3-DC81D435973F}.Debug|Any CPU.Build.0 = Debug|Any CPU
		{244AA102-41A8-40C3-ABC3-DC81D435973F}.Release|Any CPU.ActiveCfg = Release|Any CPU
		{244AA102-41A8-40C3-ABC3-DC81D435973F}.Release|Any CPU.Build.0 = Release|Any CPU
	EndGlobalSection
	GlobalSection(SolutionProperties) = preSolution
		HideSolutionNode = FALSE
	EndGlobalSection
	GlobalSection(ExtensibilityGlobals) = postSolution
		SolutionGuid = {AB773D5B-13ED-4BCF-8890-7106E89F2C8A}
	EndGlobalSection
EndGlobal
