
Microsoft Visual Studio Solution File, Format Version 12.00
# Visual Studio Version 17
VisualStudioVersion = 17.5.33516.290
MinimumVisualStudioVersion = 10.0.40219.1
Project("{FAE04EC0-301F-11D3-BF4B-00C04F79EFBC}") = "PictureBox", "PictureBox\PictureBox.csproj", "{89E333A5-F050-4E2B-A8CD-D0DA302C14F5}"
EndProject
Global
	GlobalSection(SolutionConfigurationPlatforms) = preSolution
		Debug|Any CPU = Debug|Any CPU
		Release|Any CPU = Release|Any CPU
	EndGlobalSection
	GlobalSection(ProjectConfigurationPlatforms) = postSolution
		{89E333A5-F050-4E2B-A8CD-D0DA302C14F5}.Debug|Any CPU.ActiveCfg = Debug|Any CPU
		{89E333A5-F050-4E2B-A8CD-D0DA302C14F5}.Debug|Any CPU.Build.0 = Debug|Any CPU
		{89E333A5-F050-4E2B-A8CD-D0DA302C14F5}.Release|Any CPU.ActiveCfg = Release|Any CPU
		{89E333A5-F050-4E2B-A8CD-D0DA302C14F5}.Release|Any CPU.Build.0 = Release|Any CPU
	EndGlobalSection
	GlobalSection(SolutionProperties) = preSolution
		HideSolutionNode = FALSE
	EndGlobalSection
	GlobalSection(ExtensibilityGlobals) = postSolution
		SolutionGuid = {A10C4BF5-A5A7-4A33-929F-5549C305603D}
	EndGlobalSection
EndGlobal
