
Microsoft Visual Studio Solution File, Format Version 12.00
# Visual Studio Version 17
VisualStudioVersion = 17.6.33829.357
MinimumVisualStudioVersion = 10.0.40219.1
Project("{FAE04EC0-301F-11D3-BF4B-00C04F79EFBC}") = "Bai1-p141", "Lab6\Bai1-p141.csproj", "{9E185286-0019-4E6C-A02F-1E18BB0BBF64}"
EndProject
Global
	GlobalSection(SolutionConfigurationPlatforms) = preSolution
		Debug|Any CPU = Debug|Any CPU
		Release|Any CPU = Release|Any CPU
	EndGlobalSection
	GlobalSection(ProjectConfigurationPlatforms) = postSolution
		{9E185286-0019-4E6C-A02F-1E18BB0BBF64}.Debug|Any CPU.ActiveCfg = Debug|Any CPU
		{9E185286-0019-4E6C-A02F-1E18BB0BBF64}.Debug|Any CPU.Build.0 = Debug|Any CPU
		{9E185286-0019-4E6C-A02F-1E18BB0BBF64}.Release|Any CPU.ActiveCfg = Release|Any CPU
		{9E185286-0019-4E6C-A02F-1E18BB0BBF64}.Release|Any CPU.Build.0 = Release|Any CPU
	EndGlobalSection
	GlobalSection(SolutionProperties) = preSolution
		HideSolutionNode = FALSE
	EndGlobalSection
	GlobalSection(ExtensibilityGlobals) = postSolution
		SolutionGuid = {87D2D127-8E3B-45D6-A7E6-E11C8BDDAD33}
	EndGlobalSection
EndGlobal
