
Microsoft Visual Studio Solution File, Format Version 12.00
# Visual Studio Version 17
VisualStudioVersion = 17.5.33516.290
MinimumVisualStudioVersion = 10.0.40219.1
Project("{9A19103F-16F7-4668-BE54-9A1E7A4F7556}") = "KeThua", "c#\KeThua.csproj", "{2596819C-1B88-49F3-AC03-036E5517FB1A}"
EndProject
Global
	GlobalSection(SolutionConfigurationPlatforms) = preSolution
		Debug|Any CPU = Debug|Any CPU
		Release|Any CPU = Release|Any CPU
	EndGlobalSection
	GlobalSection(ProjectConfigurationPlatforms) = postSolution
		{2596819C-1B88-49F3-AC03-036E5517FB1A}.Debug|Any CPU.ActiveCfg = Debug|Any CPU
		{2596819C-1B88-49F3-AC03-036E5517FB1A}.Debug|Any CPU.Build.0 = Debug|Any CPU
		{2596819C-1B88-49F3-AC03-036E5517FB1A}.Release|Any CPU.ActiveCfg = Release|Any CPU
		{2596819C-1B88-49F3-AC03-036E5517FB1A}.Release|Any CPU.Build.0 = Release|Any CPU
	EndGlobalSection
	GlobalSection(SolutionProperties) = preSolution
		HideSolutionNode = FALSE
	EndGlobalSection
	GlobalSection(ExtensibilityGlobals) = postSolution
		SolutionGuid = {8C261968-0061-4338-A04A-375355AC7E37}
	EndGlobalSection
EndGlobal
