
Microsoft Visual Studio Solution File, Format Version 12.00
# Visual Studio Version 17
VisualStudioVersion = 17.6.33829.357
MinimumVisualStudioVersion = 10.0.40219.1
Project("{9A19103F-16F7-4668-BE54-9A1E7A4F7556}") = "PictureBox", "Lab5\PictureBox.csproj", "{B1291145-04D7-4783-9BF0-AECCA9E03FC3}"
EndProject
Project("{9A19103F-16F7-4668-BE54-9A1E7A4F7556}") = "Bai2-P118", "Bai2-P118\Bai2-P118.csproj", "{2E2DC9B6-5A24-44EF-8541-D5D61F5074A6}"
EndProject
Project("{9A19103F-16F7-4668-BE54-9A1E7A4F7556}") = "DateTimePicker", "DateTimePicker\DateTimePicker.csproj", "{775D757D-31E8-4F3C-9188-969C81DC4A8C}"
EndProject
Project("{9A19103F-16F7-4668-BE54-9A1E7A4F7556}") = "Menu", "Menu\Menu.csproj", "{193779A4-12A6-4DB1-9838-6E912AFB0417}"
EndProject
Project("{9A19103F-16F7-4668-BE54-9A1E7A4F7556}") = "Bai2-P125", "Bai2\Bai2-P125.csproj", "{2C182DFB-50DD-43D8-B821-5DB45B7C6A7E}"
EndProject
Project("{9A19103F-16F7-4668-BE54-9A1E7A4F7556}") = "Bai1-P128", "Bai1-P128\Bai1-P128.csproj", "{646EC224-92E4-47BE-BA29-A616B32451F3}"
EndProject
Project("{9A19103F-16F7-4668-BE54-9A1E7A4F7556}") = "Bai3-P139", "Bai3-P139\Bai3-P139.csproj", "{D6710C2F-3009-4206-BD4C-AF49445FF4CD}"
EndProject
Global
	GlobalSection(SolutionConfigurationPlatforms) = preSolution
		Debug|Any CPU = Debug|Any CPU
		Release|Any CPU = Release|Any CPU
	EndGlobalSection
	GlobalSection(ProjectConfigurationPlatforms) = postSolution
		{B1291145-04D7-4783-9BF0-AECCA9E03FC3}.Debug|Any CPU.ActiveCfg = Debug|Any CPU
		{B1291145-04D7-4783-9BF0-AECCA9E03FC3}.Debug|Any CPU.Build.0 = Debug|Any CPU
		{B1291145-04D7-4783-9BF0-AECCA9E03FC3}.Release|Any CPU.ActiveCfg = Release|Any CPU
		{B1291145-04D7-4783-9BF0-AECCA9E03FC3}.Release|Any CPU.Build.0 = Release|Any CPU
		{2E2DC9B6-5A24-44EF-8541-D5D61F5074A6}.Debug|Any CPU.ActiveCfg = Debug|Any CPU
		{2E2DC9B6-5A24-44EF-8541-D5D61F5074A6}.Debug|Any CPU.Build.0 = Debug|Any CPU
		{2E2DC9B6-5A24-44EF-8541-D5D61F5074A6}.Release|Any CPU.ActiveCfg = Release|Any CPU
		{2E2DC9B6-5A24-44EF-8541-D5D61F5074A6}.Release|Any CPU.Build.0 = Release|Any CPU
		{775D757D-31E8-4F3C-9188-969C81DC4A8C}.Debug|Any CPU.ActiveCfg = Debug|Any CPU
		{775D757D-31E8-4F3C-9188-969C81DC4A8C}.Debug|Any CPU.Build.0 = Debug|Any CPU
		{775D757D-31E8-4F3C-9188-969C81DC4A8C}.Release|Any CPU.ActiveCfg = Release|Any CPU
		{775D757D-31E8-4F3C-9188-969C81DC4A8C}.Release|Any CPU.Build.0 = Release|Any CPU
		{193779A4-12A6-4DB1-9838-6E912AFB0417}.Debug|Any CPU.ActiveCfg = Debug|Any CPU
		{193779A4-12A6-4DB1-9838-6E912AFB0417}.Debug|Any CPU.Build.0 = Debug|Any CPU
		{193779A4-12A6-4DB1-9838-6E912AFB0417}.Release|Any CPU.ActiveCfg = Release|Any CPU
		{193779A4-12A6-4DB1-9838-6E912AFB0417}.Release|Any CPU.Build.0 = Release|Any CPU
		{2C182DFB-50DD-43D8-B821-5DB45B7C6A7E}.Debug|Any CPU.ActiveCfg = Debug|Any CPU
		{2C182DFB-50DD-43D8-B821-5DB45B7C6A7E}.Debug|Any CPU.Build.0 = Debug|Any CPU
		{2C182DFB-50DD-43D8-B821-5DB45B7C6A7E}.Release|Any CPU.ActiveCfg = Release|Any CPU
		{2C182DFB-50DD-43D8-B821-5DB45B7C6A7E}.Release|Any CPU.Build.0 = Release|Any CPU
		{646EC224-92E4-47BE-BA29-A616B32451F3}.Debug|Any CPU.ActiveCfg = Debug|Any CPU
		{646EC224-92E4-47BE-BA29-A616B32451F3}.Debug|Any CPU.Build.0 = Debug|Any CPU
		{646EC224-92E4-47BE-BA29-A616B32451F3}.Release|Any CPU.ActiveCfg = Release|Any CPU
		{646EC224-92E4-47BE-BA29-A616B32451F3}.Release|Any CPU.Build.0 = Release|Any CPU
		{D6710C2F-3009-4206-BD4C-AF49445FF4CD}.Debug|Any CPU.ActiveCfg = Debug|Any CPU
		{D6710C2F-3009-4206-BD4C-AF49445FF4CD}.Debug|Any CPU.Build.0 = Debug|Any CPU
		{D6710C2F-3009-4206-BD4C-AF49445FF4CD}.Release|Any CPU.ActiveCfg = Release|Any CPU
		{D6710C2F-3009-4206-BD4C-AF49445FF4CD}.Release|Any CPU.Build.0 = Release|Any CPU
	EndGlobalSection
	GlobalSection(SolutionProperties) = preSolution
		HideSolutionNode = FALSE
	EndGlobalSection
	GlobalSection(ExtensibilityGlobals) = postSolution
		SolutionGuid = {8194DD95-2A26-4119-9D0A-41605565AED8}
	EndGlobalSection
EndGlobal
