
Microsoft Visual Studio Solution File, Format Version 12.00
# Visual Studio Version 17
VisualStudioVersion = 17.6.33829.357
MinimumVisualStudioVersion = 10.0.40219.1
Project("{FAE04EC0-301F-11D3-BF4B-00C04F79EFBC}") = "HangHoas", "HangHoas\HangHoas.csproj", "{ABA64C4B-B8C6-465E-B7A8-3B4884C4F3A2}"
EndProject
Global
	GlobalSection(SolutionConfigurationPlatforms) = preSolution
		Debug|Any CPU = Debug|Any CPU
		Release|Any CPU = Release|Any CPU
	EndGlobalSection
	GlobalSection(ProjectConfigurationPlatforms) = postSolution
		{ABA64C4B-B8C6-465E-B7A8-3B4884C4F3A2}.Debug|Any CPU.ActiveCfg = Debug|Any CPU
		{ABA64C4B-B8C6-465E-B7A8-3B4884C4F3A2}.Debug|Any CPU.Build.0 = Debug|Any CPU
		{ABA64C4B-B8C6-465E-B7A8-3B4884C4F3A2}.Release|Any CPU.ActiveCfg = Release|Any CPU
		{ABA64C4B-B8C6-465E-B7A8-3B4884C4F3A2}.Release|Any CPU.Build.0 = Release|Any CPU
	EndGlobalSection
	GlobalSection(SolutionProperties) = preSolution
		HideSolutionNode = FALSE
	EndGlobalSection
	GlobalSection(ExtensibilityGlobals) = postSolution
		SolutionGuid = {8AA9B4B0-2CC3-45F0-AAD8-53322440F121}
	EndGlobalSection
EndGlobal
