
Microsoft Visual Studio Solution File, Format Version 12.00
# Visual Studio Version 17
VisualStudioVersion = 17.5.33516.290
MinimumVisualStudioVersion = 10.0.40219.1
Project("{FAE04EC0-301F-11D3-BF4B-00C04F79EFBC}") = "HoaDonBanXe", "HoaDonBanXe\HoaDonBanXe.csproj", "{BAFB1E39-D3B8-4C15-91B5-AD4E1685A394}"
EndProject
Global
	GlobalSection(SolutionConfigurationPlatforms) = preSolution
		Debug|Any CPU = Debug|Any CPU
		Release|Any CPU = Release|Any CPU
	EndGlobalSection
	GlobalSection(ProjectConfigurationPlatforms) = postSolution
		{BAFB1E39-D3B8-4C15-91B5-AD4E1685A394}.Debug|Any CPU.ActiveCfg = Debug|Any CPU
		{BAFB1E39-D3B8-4C15-91B5-AD4E1685A394}.Debug|Any CPU.Build.0 = Debug|Any CPU
		{BAFB1E39-D3B8-4C15-91B5-AD4E1685A394}.Release|Any CPU.ActiveCfg = Release|Any CPU
		{BAFB1E39-D3B8-4C15-91B5-AD4E1685A394}.Release|Any CPU.Build.0 = Release|Any CPU
	EndGlobalSection
	GlobalSection(SolutionProperties) = preSolution
		HideSolutionNode = FALSE
	EndGlobalSection
	GlobalSection(ExtensibilityGlobals) = postSolution
		SolutionGuid = {FD93A7D7-DF00-4BE7-8C24-AE5C27EDD1BD}
	EndGlobalSection
EndGlobal
