
Microsoft Visual Studio Solution File, Format Version 12.00
# Visual Studio Version 17
VisualStudioVersion = 17.6.33829.357
MinimumVisualStudioVersion = 10.0.40219.1
Project("{9A19103F-16F7-4668-BE54-9A1E7A4F7556}") = "B1-Trang1", "B1-Trang1\B1-Trang1.csproj", "{55D21A28-40FD-41F2-A37A-73A1FB57F5E6}"
EndProject
Project("{FAE04EC0-301F-11D3-BF4B-00C04F79EFBC}") = "bai3", "bai3\bai3.csproj", "{BF2CB974-DBAC-4F27-B07A-95E101512931}"
EndProject
Project("{FAE04EC0-301F-11D3-BF4B-00C04F79EFBC}") = "bai4", "bai4\bai4.csproj", "{1838D304-0D4B-4B77-A05B-D1143FEFBC33}"
EndProject
Global
	GlobalSection(SolutionConfigurationPlatforms) = preSolution
		Debug|Any CPU = Debug|Any CPU
		Release|Any CPU = Release|Any CPU
	EndGlobalSection
	GlobalSection(ProjectConfigurationPlatforms) = postSolution
		{55D21A28-40FD-41F2-A37A-73A1FB57F5E6}.Debug|Any CPU.ActiveCfg = Debug|Any CPU
		{55D21A28-40FD-41F2-A37A-73A1FB57F5E6}.Debug|Any CPU.Build.0 = Debug|Any CPU
		{55D21A28-40FD-41F2-A37A-73A1FB57F5E6}.Release|Any CPU.ActiveCfg = Release|Any CPU
		{55D21A28-40FD-41F2-A37A-73A1FB57F5E6}.Release|Any CPU.Build.0 = Release|Any CPU
		{BF2CB974-DBAC-4F27-B07A-95E101512931}.Debug|Any CPU.ActiveCfg = Debug|Any CPU
		{BF2CB974-DBAC-4F27-B07A-95E101512931}.Debug|Any CPU.Build.0 = Debug|Any CPU
		{BF2CB974-DBAC-4F27-B07A-95E101512931}.Release|Any CPU.ActiveCfg = Release|Any CPU
		{BF2CB974-DBAC-4F27-B07A-95E101512931}.Release|Any CPU.Build.0 = Release|Any CPU
		{1838D304-0D4B-4B77-A05B-D1143FEFBC33}.Debug|Any CPU.ActiveCfg = Debug|Any CPU
		{1838D304-0D4B-4B77-A05B-D1143FEFBC33}.Debug|Any CPU.Build.0 = Debug|Any CPU
		{1838D304-0D4B-4B77-A05B-D1143FEFBC33}.Release|Any CPU.ActiveCfg = Release|Any CPU
		{1838D304-0D4B-4B77-A05B-D1143FEFBC33}.Release|Any CPU.Build.0 = Release|Any CPU
	EndGlobalSection
	GlobalSection(SolutionProperties) = preSolution
		HideSolutionNode = FALSE
	EndGlobalSection
	GlobalSection(ExtensibilityGlobals) = postSolution
		SolutionGuid = {3FA48081-C740-4F4D-8F37-850C06D3B586}
	EndGlobalSection
EndGlobal
