
Microsoft Visual Studio Solution File, Format Version 12.00
# Visual Studio Version 17
VisualStudioVersion = 17.6.33829.357
MinimumVisualStudioVersion = 10.0.40219.1
Project("{FAE04EC0-301F-11D3-BF4B-00C04F79EFBC}") = "ChuVi_DienTich_TamGiac", "ChuVi_DienTich_TamGiac\ChuVi_DienTich_TamGiac.csproj", "{268AA682-BFFE-4094-82D7-29F1FB6C9496}"
EndProject
Global
	GlobalSection(SolutionConfigurationPlatforms) = preSolution
		Debug|Any CPU = Debug|Any CPU
		Release|Any CPU = Release|Any CPU
	EndGlobalSection
	GlobalSection(ProjectConfigurationPlatforms) = postSolution
		{268AA682-BFFE-4094-82D7-29F1FB6C9496}.Debug|Any CPU.ActiveCfg = Debug|Any CPU
		{268AA682-BFFE-4094-82D7-29F1FB6C9496}.Debug|Any CPU.Build.0 = Debug|Any CPU
		{268AA682-BFFE-4094-82D7-29F1FB6C9496}.Release|Any CPU.ActiveCfg = Release|Any CPU
		{268AA682-BFFE-4094-82D7-29F1FB6C9496}.Release|Any CPU.Build.0 = Release|Any CPU
	EndGlobalSection
	GlobalSection(SolutionProperties) = preSolution
		HideSolutionNode = FALSE
	EndGlobalSection
	GlobalSection(ExtensibilityGlobals) = postSolution
		SolutionGuid = {E6A080C6-9402-4885-96D6-00995AF98601}
	EndGlobalSection
EndGlobal
