
Microsoft Visual Studio Solution File, Format Version 12.00
# Visual Studio Version 17
VisualStudioVersion = 17.6.33829.357
MinimumVisualStudioVersion = 10.0.40219.1
Project("{9A19103F-16F7-4668-BE54-9A1E7A4F7556}") = "Bai18", "Bai18\Bai18.csproj", "{C665A681-444D-4514-981E-7BD6DAE067A1}"
EndProject
Project("{9A19103F-16F7-4668-BE54-9A1E7A4F7556}") = "Bai21", "Bai21\Bai21.csproj", "{472929C9-053B-4C68-9939-588865993F2D}"
EndProject
Project("{9A19103F-16F7-4668-BE54-9A1E7A4F7556}") = "Bai16", "Bai16\Bai16.csproj", "{2FAABE74-8EC7-4AC5-9046-0B9D0CDD7739}"
EndProject
Project("{9A19103F-16F7-4668-BE54-9A1E7A4F7556}") = "bai20", "bai20\bai20.csproj", "{C8B504D2-B0BB-44D1-82A2-2CB40DAC516F}"
EndProject
Project("{9A19103F-16F7-4668-BE54-9A1E7A4F7556}") = "Bai22", "Bai22\Bai22.csproj", "{0A6DDE80-046C-4454-9F0D-96CB72EC6251}"
EndProject
Project("{9A19103F-16F7-4668-BE54-9A1E7A4F7556}") = "Bai19", "Bai19\Bai19.csproj", "{D04B9089-87CD-41B3-911B-C14A39B237DF}"
EndProject
Project("{9A19103F-16F7-4668-BE54-9A1E7A4F7556}") = "Bai23", "Bai23\Bai23.csproj", "{99BEFC17-71B1-4433-993C-D7742ADF8999}"
EndProject
Project("{9A19103F-16F7-4668-BE54-9A1E7A4F7556}") = "Bai24", "Bai24\Bai24.csproj", "{C8470861-FD45-405B-A825-6AEB1C9C04DF}"
EndProject
Project("{9A19103F-16F7-4668-BE54-9A1E7A4F7556}") = "Bai25", "Bai25\Bai25.csproj", "{799D37C8-A961-4685-87FC-18DC338A2091}"
EndProject
Project("{9A19103F-16F7-4668-BE54-9A1E7A4F7556}") = "Bai26", "Bai26\Bai26.csproj", "{749503E2-AA26-4263-A4B0-CBAAE5513B3B}"
EndProject
Project("{9A19103F-16F7-4668-BE54-9A1E7A4F7556}") = "Bai27", "Bai27\Bai27.csproj", "{1317434C-7B4E-497D-9A6C-2F4D8F4120A4}"
EndProject
Project("{9A19103F-16F7-4668-BE54-9A1E7A4F7556}") = "Bai28", "Bai28\Bai28.csproj", "{4AC9C97E-0058-4C24-8182-DEF52DAB53D9}"
EndProject
Project("{9A19103F-16F7-4668-BE54-9A1E7A4F7556}") = "Bai29", "Bai29\Bai29.csproj", "{AC78556D-DBDE-49FA-B3DB-CC759C5CB73B}"
EndProject
Project("{9A19103F-16F7-4668-BE54-9A1E7A4F7556}") = "Bai30", "Bai30\Bai30.csproj", "{0298A24C-F6BF-48E3-A9E6-11603BD9C00C}"
EndProject
Project("{9A19103F-16F7-4668-BE54-9A1E7A4F7556}") = "testSQL", "testSQL\testSQL.csproj", "{379309D9-89FD-4AF8-919A-E9609161A94F}"
EndProject
Project("{9A19103F-16F7-4668-BE54-9A1E7A4F7556}") = "teamleader", "teamleader\teamleader.csproj", "{8B059431-0227-4246-A29A-57A13AE5F6E0}"
EndProject
Project("{FAE04EC0-301F-11D3-BF4B-00C04F79EFBC}") = "qlysinhvien_new", "qlysinhvien_new\qlysinhvien_new.csproj", "{81B2B318-2C9D-4A96-8B43-677E81B1A8A1}"
EndProject
Global
	GlobalSection(SolutionConfigurationPlatforms) = preSolution
		Debug|Any CPU = Debug|Any CPU
		Release|Any CPU = Release|Any CPU
	EndGlobalSection
	GlobalSection(ProjectConfigurationPlatforms) = postSolution
		{C665A681-444D-4514-981E-7BD6DAE067A1}.Debug|Any CPU.ActiveCfg = Debug|Any CPU
		{C665A681-444D-4514-981E-7BD6DAE067A1}.Debug|Any CPU.Build.0 = Debug|Any CPU
		{C665A681-444D-4514-981E-7BD6DAE067A1}.Release|Any CPU.ActiveCfg = Release|Any CPU
		{C665A681-444D-4514-981E-7BD6DAE067A1}.Release|Any CPU.Build.0 = Release|Any CPU
		{472929C9-053B-4C68-9939-588865993F2D}.Debug|Any CPU.ActiveCfg = Debug|Any CPU
		{472929C9-053B-4C68-9939-588865993F2D}.Debug|Any CPU.Build.0 = Debug|Any CPU
		{472929C9-053B-4C68-9939-588865993F2D}.Release|Any CPU.ActiveCfg = Release|Any CPU
		{472929C9-053B-4C68-9939-588865993F2D}.Release|Any CPU.Build.0 = Release|Any CPU
		{2FAABE74-8EC7-4AC5-9046-0B9D0CDD7739}.Debug|Any CPU.ActiveCfg = Debug|Any CPU
		{2FAABE74-8EC7-4AC5-9046-0B9D0CDD7739}.Debug|Any CPU.Build.0 = Debug|Any CPU
		{2FAABE74-8EC7-4AC5-9046-0B9D0CDD7739}.Release|Any CPU.ActiveCfg = Release|Any CPU
		{2FAABE74-8EC7-4AC5-9046-0B9D0CDD7739}.Release|Any CPU.Build.0 = Release|Any CPU
		{C8B504D2-B0BB-44D1-82A2-2CB40DAC516F}.Debug|Any CPU.ActiveCfg = Debug|Any CPU
		{C8B504D2-B0BB-44D1-82A2-2CB40DAC516F}.Debug|Any CPU.Build.0 = Debug|Any CPU
		{C8B504D2-B0BB-44D1-82A2-2CB40DAC516F}.Release|Any CPU.ActiveCfg = Release|Any CPU
		{C8B504D2-B0BB-44D1-82A2-2CB40DAC516F}.Release|Any CPU.Build.0 = Release|Any CPU
		{0A6DDE80-046C-4454-9F0D-96CB72EC6251}.Debug|Any CPU.ActiveCfg = Debug|Any CPU
		{0A6DDE80-046C-4454-9F0D-96CB72EC6251}.Debug|Any CPU.Build.0 = Debug|Any CPU
		{0A6DDE80-046C-4454-9F0D-96CB72EC6251}.Release|Any CPU.ActiveCfg = Release|Any CPU
		{0A6DDE80-046C-4454-9F0D-96CB72EC6251}.Release|Any CPU.Build.0 = Release|Any CPU
		{D04B9089-87CD-41B3-911B-C14A39B237DF}.Debug|Any CPU.ActiveCfg = Debug|Any CPU
		{D04B9089-87CD-41B3-911B-C14A39B237DF}.Debug|Any CPU.Build.0 = Debug|Any CPU
		{D04B9089-87CD-41B3-911B-C14A39B237DF}.Release|Any CPU.ActiveCfg = Release|Any CPU
		{D04B9089-87CD-41B3-911B-C14A39B237DF}.Release|Any CPU.Build.0 = Release|Any CPU
		{99BEFC17-71B1-4433-993C-D7742ADF8999}.Debug|Any CPU.ActiveCfg = Debug|Any CPU
		{99BEFC17-71B1-4433-993C-D7742ADF8999}.Debug|Any CPU.Build.0 = Debug|Any CPU
		{99BEFC17-71B1-4433-993C-D7742ADF8999}.Release|Any CPU.ActiveCfg = Release|Any CPU
		{99BEFC17-71B1-4433-993C-D7742ADF8999}.Release|Any CPU.Build.0 = Release|Any CPU
		{C8470861-FD45-405B-A825-6AEB1C9C04DF}.Debug|Any CPU.ActiveCfg = Debug|Any CPU
		{C8470861-FD45-405B-A825-6AEB1C9C04DF}.Debug|Any CPU.Build.0 = Debug|Any CPU
		{C8470861-FD45-405B-A825-6AEB1C9C04DF}.Release|Any CPU.ActiveCfg = Release|Any CPU
		{C8470861-FD45-405B-A825-6AEB1C9C04DF}.Release|Any CPU.Build.0 = Release|Any CPU
		{799D37C8-A961-4685-87FC-18DC338A2091}.Debug|Any CPU.ActiveCfg = Debug|Any CPU
		{799D37C8-A961-4685-87FC-18DC338A2091}.Debug|Any CPU.Build.0 = Debug|Any CPU
		{799D37C8-A961-4685-87FC-18DC338A2091}.Release|Any CPU.ActiveCfg = Release|Any CPU
		{799D37C8-A961-4685-87FC-18DC338A2091}.Release|Any CPU.Build.0 = Release|Any CPU
		{749503E2-AA26-4263-A4B0-CBAAE5513B3B}.Debug|Any CPU.ActiveCfg = Debug|Any CPU
		{749503E2-AA26-4263-A4B0-CBAAE5513B3B}.Debug|Any CPU.Build.0 = Debug|Any CPU
		{749503E2-AA26-4263-A4B0-CBAAE5513B3B}.Release|Any CPU.ActiveCfg = Release|Any CPU
		{749503E2-AA26-4263-A4B0-CBAAE5513B3B}.Release|Any CPU.Build.0 = Release|Any CPU
		{1317434C-7B4E-497D-9A6C-2F4D8F4120A4}.Debug|Any CPU.ActiveCfg = Debug|Any CPU
		{1317434C-7B4E-497D-9A6C-2F4D8F4120A4}.Debug|Any CPU.Build.0 = Debug|Any CPU
		{1317434C-7B4E-497D-9A6C-2F4D8F4120A4}.Release|Any CPU.ActiveCfg = Release|Any CPU
		{1317434C-7B4E-497D-9A6C-2F4D8F4120A4}.Release|Any CPU.Build.0 = Release|Any CPU
		{4AC9C97E-0058-4C24-8182-DEF52DAB53D9}.Debug|Any CPU.ActiveCfg = Debug|Any CPU
		{4AC9C97E-0058-4C24-8182-DEF52DAB53D9}.Debug|Any CPU.Build.0 = Debug|Any CPU
		{4AC9C97E-0058-4C24-8182-DEF52DAB53D9}.Release|Any CPU.ActiveCfg = Release|Any CPU
		{4AC9C97E-0058-4C24-8182-DEF52DAB53D9}.Release|Any CPU.Build.0 = Release|Any CPU
		{AC78556D-DBDE-49FA-B3DB-CC759C5CB73B}.Debug|Any CPU.ActiveCfg = Debug|Any CPU
		{AC78556D-DBDE-49FA-B3DB-CC759C5CB73B}.Debug|Any CPU.Build.0 = Debug|Any CPU
		{AC78556D-DBDE-49FA-B3DB-CC759C5CB73B}.Release|Any CPU.ActiveCfg = Release|Any CPU
		{AC78556D-DBDE-49FA-B3DB-CC759C5CB73B}.Release|Any CPU.Build.0 = Release|Any CPU
		{0298A24C-F6BF-48E3-A9E6-11603BD9C00C}.Debug|Any CPU.ActiveCfg = Debug|Any CPU
		{0298A24C-F6BF-48E3-A9E6-11603BD9C00C}.Debug|Any CPU.Build.0 = Debug|Any CPU
		{0298A24C-F6BF-48E3-A9E6-11603BD9C00C}.Release|Any CPU.ActiveCfg = Release|Any CPU
		{0298A24C-F6BF-48E3-A9E6-11603BD9C00C}.Release|Any CPU.Build.0 = Release|Any CPU
		{379309D9-89FD-4AF8-919A-E9609161A94F}.Debug|Any CPU.ActiveCfg = Debug|Any CPU
		{379309D9-89FD-4AF8-919A-E9609161A94F}.Debug|Any CPU.Build.0 = Debug|Any CPU
		{379309D9-89FD-4AF8-919A-E9609161A94F}.Release|Any CPU.ActiveCfg = Release|Any CPU
		{379309D9-89FD-4AF8-919A-E9609161A94F}.Release|Any CPU.Build.0 = Release|Any CPU
		{8B059431-0227-4246-A29A-57A13AE5F6E0}.Debug|Any CPU.ActiveCfg = Debug|Any CPU
		{8B059431-0227-4246-A29A-57A13AE5F6E0}.Debug|Any CPU.Build.0 = Debug|Any CPU
		{8B059431-0227-4246-A29A-57A13AE5F6E0}.Release|Any CPU.ActiveCfg = Release|Any CPU
		{8B059431-0227-4246-A29A-57A13AE5F6E0}.Release|Any CPU.Build.0 = Release|Any CPU
		{81B2B318-2C9D-4A96-8B43-677E81B1A8A1}.Debug|Any CPU.ActiveCfg = Debug|Any CPU
		{81B2B318-2C9D-4A96-8B43-677E81B1A8A1}.Debug|Any CPU.Build.0 = Debug|Any CPU
		{81B2B318-2C9D-4A96-8B43-677E81B1A8A1}.Release|Any CPU.ActiveCfg = Release|Any CPU
		{81B2B318-2C9D-4A96-8B43-677E81B1A8A1}.Release|Any CPU.Build.0 = Release|Any CPU
	EndGlobalSection
	GlobalSection(SolutionProperties) = preSolution
		HideSolutionNode = FALSE
	EndGlobalSection
	GlobalSection(ExtensibilityGlobals) = postSolution
		SolutionGuid = {1ADD96BA-997D-4D80-AC18-7D1957CB33B1}
	EndGlobalSection
EndGlobal
