
Microsoft Visual Studio Solution File, Format Version 12.00
# Visual Studio Version 17
VisualStudioVersion = 17.5.33516.290
MinimumVisualStudioVersion = 10.0.40219.1
Project("{FAE04EC0-301F-11D3-BF4B-00C04F79EFBC}") = "ImageList-B45", "ImageList-B45\ImageList-B45.csproj", "{0B1789B5-56F3-470F-BB64-BCF61A993F02}"
EndProject
Global
	GlobalSection(SolutionConfigurationPlatforms) = preSolution
		Debug|Any CPU = Debug|Any CPU
		Release|Any CPU = Release|Any CPU
	EndGlobalSection
	GlobalSection(ProjectConfigurationPlatforms) = postSolution
		{0B1789B5-56F3-470F-BB64-BCF61A993F02}.Debug|Any CPU.ActiveCfg = Debug|Any CPU
		{0B1789B5-56F3-470F-BB64-BCF61A993F02}.Debug|Any CPU.Build.0 = Debug|Any CPU
		{0B1789B5-56F3-470F-BB64-BCF61A993F02}.Release|Any CPU.ActiveCfg = Release|Any CPU
		{0B1789B5-56F3-470F-BB64-BCF61A993F02}.Release|Any CPU.Build.0 = Release|Any CPU
	EndGlobalSection
	GlobalSection(SolutionProperties) = preSolution
		HideSolutionNode = FALSE
	EndGlobalSection
	GlobalSection(ExtensibilityGlobals) = postSolution
		SolutionGuid = {F5E135A0-869F-4820-B092-57AE41077159}
	EndGlobalSection
EndGlobal
