
Microsoft Visual Studio Solution File, Format Version 12.00
# Visual Studio Version 17
VisualStudioVersion = 17.6.33829.357
MinimumVisualStudioVersion = 10.0.40219.1
Project("{FAE04EC0-301F-11D3-BF4B-00C04F79EFBC}") = "QuanLyBanHang", "QuanLyBanHang\QuanLyBanHang.csproj", "{6A2510F8-3E90-435D-A0CC-04DF50D76055}"
EndProject
Global
	GlobalSection(SolutionConfigurationPlatforms) = preSolution
		Debug|Any CPU = Debug|Any CPU
		Release|Any CPU = Release|Any CPU
	EndGlobalSection
	GlobalSection(ProjectConfigurationPlatforms) = postSolution
		{6A2510F8-3E90-435D-A0CC-04DF50D76055}.Debug|Any CPU.ActiveCfg = Debug|Any CPU
		{6A2510F8-3E90-435D-A0CC-04DF50D76055}.Debug|Any CPU.Build.0 = Debug|Any CPU
		{6A2510F8-3E90-435D-A0CC-04DF50D76055}.Release|Any CPU.ActiveCfg = Release|Any CPU
		{6A2510F8-3E90-435D-A0CC-04DF50D76055}.Release|Any CPU.Build.0 = Release|Any CPU
	EndGlobalSection
	GlobalSection(SolutionProperties) = preSolution
		HideSolutionNode = FALSE
	EndGlobalSection
	GlobalSection(ExtensibilityGlobals) = postSolution
		SolutionGuid = {F36A2717-D3E5-4E95-98B8-CBE824EF85A8}
	EndGlobalSection
EndGlobal
