
Microsoft Visual Studio Solution File, Format Version 12.00
# Visual Studio Version 17
VisualStudioVersion = 17.6.33829.357
MinimumVisualStudioVersion = 10.0.40219.1
Project("{FAE04EC0-301F-11D3-BF4B-00C04F79EFBC}") = "Bai4-Trang110", "Bai4-Trang110\Bai4-Trang110.csproj", "{88512BB8-2DCB-4505-9CCA-B15714BBF9D8}"
EndProject
Global
	GlobalSection(SolutionConfigurationPlatforms) = preSolution
		Debug|Any CPU = Debug|Any CPU
		Release|Any CPU = Release|Any CPU
	EndGlobalSection
	GlobalSection(ProjectConfigurationPlatforms) = postSolution
		{88512BB8-2DCB-4505-9CCA-B15714BBF9D8}.Debug|Any CPU.ActiveCfg = Debug|Any CPU
		{88512BB8-2DCB-4505-9CCA-B15714BBF9D8}.Debug|Any CPU.Build.0 = Debug|Any CPU
		{88512BB8-2DCB-4505-9CCA-B15714BBF9D8}.Release|Any CPU.ActiveCfg = Release|Any CPU
		{88512BB8-2DCB-4505-9CCA-B15714BBF9D8}.Release|Any CPU.Build.0 = Release|Any CPU
	EndGlobalSection
	GlobalSection(SolutionProperties) = preSolution
		HideSolutionNode = FALSE
	EndGlobalSection
	GlobalSection(ExtensibilityGlobals) = postSolution
		SolutionGuid = {67255BB4-0F09-4848-A93B-902061E384E4}
	EndGlobalSection
EndGlobal
