
Microsoft Visual Studio Solution File, Format Version 12.00
# Visual Studio Version 17
VisualStudioVersion = 17.6.33829.357
MinimumVisualStudioVersion = 10.0.40219.1
Project("{9A19103F-16F7-4668-BE54-9A1E7A4F7556}") = "DeSo3", "DeSo3\DeSo3.csproj", "{252B37BB-2F53-4B76-B709-699F14591AD5}"
EndProject
Project("{9A19103F-16F7-4668-BE54-9A1E7A4F7556}") = "DeSo3_Bai3", "DeSo3_Bai3\DeSo3_Bai3.csproj", "{94B198AB-07E8-4FEB-94D4-0B8FF365FC81}"
EndProject
Project("{FAE04EC0-301F-11D3-BF4B-00C04F79EFBC}") = "KtraDoAn1", "KtraDoAn1\KtraDoAn1.csproj", "{19C89509-D923-4EC7-9A4B-DF429E863C90}"
EndProject
Global
	GlobalSection(SolutionConfigurationPlatforms) = preSolution
		Debug|Any CPU = Debug|Any CPU
		Release|Any CPU = Release|Any CPU
	EndGlobalSection
	GlobalSection(ProjectConfigurationPlatforms) = postSolution
		{252B37BB-2F53-4B76-B709-699F14591AD5}.Debug|Any CPU.ActiveCfg = Debug|Any CPU
		{252B37BB-2F53-4B76-B709-699F14591AD5}.Debug|Any CPU.Build.0 = Debug|Any CPU
		{252B37BB-2F53-4B76-B709-699F14591AD5}.Release|Any CPU.ActiveCfg = Release|Any CPU
		{252B37BB-2F53-4B76-B709-699F14591AD5}.Release|Any CPU.Build.0 = Release|Any CPU
		{94B198AB-07E8-4FEB-94D4-0B8FF365FC81}.Debug|Any CPU.ActiveCfg = Debug|Any CPU
		{94B198AB-07E8-4FEB-94D4-0B8FF365FC81}.Debug|Any CPU.Build.0 = Debug|Any CPU
		{94B198AB-07E8-4FEB-94D4-0B8FF365FC81}.Release|Any CPU.ActiveCfg = Release|Any CPU
		{94B198AB-07E8-4FEB-94D4-0B8FF365FC81}.Release|Any CPU.Build.0 = Release|Any CPU
		{19C89509-D923-4EC7-9A4B-DF429E863C90}.Debug|Any CPU.ActiveCfg = Debug|Any CPU
		{19C89509-D923-4EC7-9A4B-DF429E863C90}.Debug|Any CPU.Build.0 = Debug|Any CPU
		{19C89509-D923-4EC7-9A4B-DF429E863C90}.Release|Any CPU.ActiveCfg = Release|Any CPU
		{19C89509-D923-4EC7-9A4B-DF429E863C90}.Release|Any CPU.Build.0 = Release|Any CPU
	EndGlobalSection
	GlobalSection(SolutionProperties) = preSolution
		HideSolutionNode = FALSE
	EndGlobalSection
	GlobalSection(ExtensibilityGlobals) = postSolution
		SolutionGuid = {53073E75-D5C3-47E2-B07B-C9108B1B3878}
	EndGlobalSection
EndGlobal
