
Microsoft Visual Studio Solution File, Format Version 12.00
# Visual Studio Version 17
VisualStudioVersion = 17.6.33829.357
MinimumVisualStudioVersion = 10.0.40219.1
Project("{FAE04EC0-301F-11D3-BF4B-00C04F79EFBC}") = "6_NVHungNVBinhNVGiangTTHVan_LTNET", "6_NVHungNVBinhNVGiangTTHVan_LTNET\6_NVHungNVBinhNVGiangTTHVan_LTNET.csproj", "{0CFEF74F-BE34-4666-A688-9753E5AD511C}"
EndProject
Global
	GlobalSection(SolutionConfigurationPlatforms) = preSolution
		Debug|Any CPU = Debug|Any CPU
		Release|Any CPU = Release|Any CPU
	EndGlobalSection
	GlobalSection(ProjectConfigurationPlatforms) = postSolution
		{0CFEF74F-BE34-4666-A688-9753E5AD511C}.Debug|Any CPU.ActiveCfg = Debug|Any CPU
		{0CFEF74F-BE34-4666-A688-9753E5AD511C}.Debug|Any CPU.Build.0 = Debug|Any CPU
		{0CFEF74F-BE34-4666-A688-9753E5AD511C}.Release|Any CPU.ActiveCfg = Release|Any CPU
		{0CFEF74F-BE34-4666-A688-9753E5AD511C}.Release|Any CPU.Build.0 = Release|Any CPU
	EndGlobalSection
	GlobalSection(SolutionProperties) = preSolution
		HideSolutionNode = FALSE
	EndGlobalSection
	GlobalSection(ExtensibilityGlobals) = postSolution
		SolutionGuid = {70DC2B99-713F-4B37-92A1-AB8BF2C073E7}
	EndGlobalSection
EndGlobal
