
Microsoft Visual Studio Solution File, Format Version 12.00
# Visual Studio Version 17
VisualStudioVersion = 17.9.34728.123
MinimumVisualStudioVersion = 10.0.40219.1
Project("{9A19103F-16F7-4668-BE54-9A1E7A4F7556}") = "bai19", "bai19\bai19.csproj", "{E493BD23-9726-4BD6-BD35-82B097837259}"
EndProject
Project("{9A19103F-16F7-4668-BE54-9A1E7A4F7556}") = "comboBox", "comboBox\comboBox.csproj", "{71A98CAB-8FD8-4B89-B4DF-D7ADB426E4BC}"
EndProject
Project("{9A19103F-16F7-4668-BE54-9A1E7A4F7556}") = "checkList", "checkList\checkList.csproj", "{513A2064-7767-4C20-9F33-91FF53E89E36}"
EndProject
Project("{9A19103F-16F7-4668-BE54-9A1E7A4F7556}") = "5.4-Bai1", "5.4-Bai1\5.4-Bai1.csproj", "{E90E1907-C2CF-4BA3-9418-90A87F05BD9B}"
EndProject
Project("{9A19103F-16F7-4668-BE54-9A1E7A4F7556}") = "quanLySanPham", "quanLySanPham\quanLySanPham.csproj", "{601F48D8-81F9-48C4-9050-480755E6F3B5}"
EndProject
Project("{FAE04EC0-301F-11D3-BF4B-00C04F79EFBC}") = "Bai20", "Bai20\Bai20.csproj", "{D0D1F452-16D1-419E-A8DF-628A46E53BF7}"
EndProject
Global
	GlobalSection(SolutionConfigurationPlatforms) = preSolution
		Debug|Any CPU = Debug|Any CPU
		Release|Any CPU = Release|Any CPU
	EndGlobalSection
	GlobalSection(ProjectConfigurationPlatforms) = postSolution
		{E493BD23-9726-4BD6-BD35-82B097837259}.Debug|Any CPU.ActiveCfg = Debug|Any CPU
		{E493BD23-9726-4BD6-BD35-82B097837259}.Debug|Any CPU.Build.0 = Debug|Any CPU
		{E493BD23-9726-4BD6-BD35-82B097837259}.Release|Any CPU.ActiveCfg = Release|Any CPU
		{E493BD23-9726-4BD6-BD35-82B097837259}.Release|Any CPU.Build.0 = Release|Any CPU
		{71A98CAB-8FD8-4B89-B4DF-D7ADB426E4BC}.Debug|Any CPU.ActiveCfg = Debug|Any CPU
		{71A98CAB-8FD8-4B89-B4DF-D7ADB426E4BC}.Debug|Any CPU.Build.0 = Debug|Any CPU
		{71A98CAB-8FD8-4B89-B4DF-D7ADB426E4BC}.Release|Any CPU.ActiveCfg = Release|Any CPU
		{71A98CAB-8FD8-4B89-B4DF-D7ADB426E4BC}.Release|Any CPU.Build.0 = Release|Any CPU
		{513A2064-7767-4C20-9F33-91FF53E89E36}.Debug|Any CPU.ActiveCfg = Debug|Any CPU
		{513A2064-7767-4C20-9F33-91FF53E89E36}.Debug|Any CPU.Build.0 = Debug|Any CPU
		{513A2064-7767-4C20-9F33-91FF53E89E36}.Release|Any CPU.ActiveCfg = Release|Any CPU
		{513A2064-7767-4C20-9F33-91FF53E89E36}.Release|Any CPU.Build.0 = Release|Any CPU
		{E90E1907-C2CF-4BA3-9418-90A87F05BD9B}.Debug|Any CPU.ActiveCfg = Debug|Any CPU
		{E90E1907-C2CF-4BA3-9418-90A87F05BD9B}.Debug|Any CPU.Build.0 = Debug|Any CPU
		{E90E1907-C2CF-4BA3-9418-90A87F05BD9B}.Release|Any CPU.ActiveCfg = Release|Any CPU
		{E90E1907-C2CF-4BA3-9418-90A87F05BD9B}.Release|Any CPU.Build.0 = Release|Any CPU
		{601F48D8-81F9-48C4-9050-480755E6F3B5}.Debug|Any CPU.ActiveCfg = Debug|Any CPU
		{601F48D8-81F9-48C4-9050-480755E6F3B5}.Debug|Any CPU.Build.0 = Debug|Any CPU
		{601F48D8-81F9-48C4-9050-480755E6F3B5}.Release|Any CPU.ActiveCfg = Release|Any CPU
		{601F48D8-81F9-48C4-9050-480755E6F3B5}.Release|Any CPU.Build.0 = Release|Any CPU
		{D0D1F452-16D1-419E-A8DF-628A46E53BF7}.Debug|Any CPU.ActiveCfg = Debug|Any CPU
		{D0D1F452-16D1-419E-A8DF-628A46E53BF7}.Debug|Any CPU.Build.0 = Debug|Any CPU
		{D0D1F452-16D1-419E-A8DF-628A46E53BF7}.Release|Any CPU.ActiveCfg = Release|Any CPU
		{D0D1F452-16D1-419E-A8DF-628A46E53BF7}.Release|Any CPU.Build.0 = Release|Any CPU
	EndGlobalSection
	GlobalSection(SolutionProperties) = preSolution
		HideSolutionNode = FALSE
	EndGlobalSection
	GlobalSection(ExtensibilityGlobals) = postSolution
		SolutionGuid = {758644C1-881B-496E-B6B6-021D568F496C}
	EndGlobalSection
EndGlobal
