
Microsoft Visual Studio Solution File, Format Version 12.00
# Visual Studio Version 17
VisualStudioVersion = 17.5.33516.290
MinimumVisualStudioVersion = 10.0.40219.1
Project("{FAE04EC0-301F-11D3-BF4B-00C04F79EFBC}") = "OnTapMang-B38", "OnTapMang-B38\OnTapMang-B38.csproj", "{3E58994F-D3C4-4FC3-BE3F-8447E14AD9F6}"
EndProject
Global
	GlobalSection(SolutionConfigurationPlatforms) = preSolution
		Debug|Any CPU = Debug|Any CPU
		Release|Any CPU = Release|Any CPU
	EndGlobalSection
	GlobalSection(ProjectConfigurationPlatforms) = postSolution
		{3E58994F-D3C4-4FC3-BE3F-8447E14AD9F6}.Debug|Any CPU.ActiveCfg = Debug|Any CPU
		{3E58994F-D3C4-4FC3-BE3F-8447E14AD9F6}.Debug|Any CPU.Build.0 = Debug|Any CPU
		{3E58994F-D3C4-4FC3-BE3F-8447E14AD9F6}.Release|Any CPU.ActiveCfg = Release|Any CPU
		{3E58994F-D3C4-4FC3-BE3F-8447E14AD9F6}.Release|Any CPU.Build.0 = Release|Any CPU
	EndGlobalSection
	GlobalSection(SolutionProperties) = preSolution
		HideSolutionNode = FALSE
	EndGlobalSection
	GlobalSection(ExtensibilityGlobals) = postSolution
		SolutionGuid = {3218C2F6-2EA8-4DD2-84CC-498D83145BB9}
	EndGlobalSection
EndGlobal
