
Microsoft Visual Studio Solution File, Format Version 12.00
# Visual Studio Version 17
VisualStudioVersion = 17.6.33829.357
MinimumVisualStudioVersion = 10.0.40219.1
Project("{FAE04EC0-301F-11D3-BF4B-00C04F79EFBC}") = "WebApplication1", "WebApplication1\WebApplication1.csproj", "{B87CFA6F-C20F-4FD7-81C6-B12B72BA4D9B}"
EndProject
Global
	GlobalSection(SolutionConfigurationPlatforms) = preSolution
		Debug|Any CPU = Debug|Any CPU
		Release|Any CPU = Release|Any CPU
	EndGlobalSection
	GlobalSection(ProjectConfigurationPlatforms) = postSolution
		{B87CFA6F-C20F-4FD7-81C6-B12B72BA4D9B}.Debug|Any CPU.ActiveCfg = Debug|Any CPU
		{B87CFA6F-C20F-4FD7-81C6-B12B72BA4D9B}.Debug|Any CPU.Build.0 = Debug|Any CPU
		{B87CFA6F-C20F-4FD7-81C6-B12B72BA4D9B}.Release|Any CPU.ActiveCfg = Release|Any CPU
		{B87CFA6F-C20F-4FD7-81C6-B12B72BA4D9B}.Release|Any CPU.Build.0 = Release|Any CPU
	EndGlobalSection
	GlobalSection(SolutionProperties) = preSolution
		HideSolutionNode = FALSE
	EndGlobalSection
	GlobalSection(ExtensibilityGlobals) = postSolution
		SolutionGuid = {FA67EDCF-EACA-4FE1-A2CD-6C20DAA17350}
	EndGlobalSection
EndGlobal
