
Microsoft Visual Studio Solution File, Format Version 12.00
# Visual Studio Version 17
VisualStudioVersion = 17.6.33829.357
MinimumVisualStudioVersion = 10.0.40219.1
Project("{9A19103F-16F7-4668-BE54-9A1E7A4F7556}") = "Bai4-Trang115", "Bai4-Trang115\Bai4-Trang115.csproj", "{C7B9CDAE-1C5B-4AC5-9293-39EEFEA88A63}"
EndProject
Project("{FAE04EC0-301F-11D3-BF4B-00C04F79EFBC}") = "Bai5-Trang115", "Bai5-Trang115\Bai5-Trang115.csproj", "{C2A3ACA1-43E8-4F69-B42B-DEB10996CEC0}"
EndProject
Global
	GlobalSection(SolutionConfigurationPlatforms) = preSolution
		Debug|Any CPU = Debug|Any CPU
		Release|Any CPU = Release|Any CPU
	EndGlobalSection
	GlobalSection(ProjectConfigurationPlatforms) = postSolution
		{C7B9CDAE-1C5B-4AC5-9293-39EEFEA88A63}.Debug|Any CPU.ActiveCfg = Debug|Any CPU
		{C7B9CDAE-1C5B-4AC5-9293-39EEFEA88A63}.Debug|Any CPU.Build.0 = Debug|Any CPU
		{C7B9CDAE-1C5B-4AC5-9293-39EEFEA88A63}.Release|Any CPU.ActiveCfg = Release|Any CPU
		{C7B9CDAE-1C5B-4AC5-9293-39EEFEA88A63}.Release|Any CPU.Build.0 = Release|Any CPU
		{C2A3ACA1-43E8-4F69-B42B-DEB10996CEC0}.Debug|Any CPU.ActiveCfg = Debug|Any CPU
		{C2A3ACA1-43E8-4F69-B42B-DEB10996CEC0}.Debug|Any CPU.Build.0 = Debug|Any CPU
		{C2A3ACA1-43E8-4F69-B42B-DEB10996CEC0}.Release|Any CPU.ActiveCfg = Release|Any CPU
		{C2A3ACA1-43E8-4F69-B42B-DEB10996CEC0}.Release|Any CPU.Build.0 = Release|Any CPU
	EndGlobalSection
	GlobalSection(SolutionProperties) = preSolution
		HideSolutionNode = FALSE
	EndGlobalSection
	GlobalSection(ExtensibilityGlobals) = postSolution
		SolutionGuid = {8ED5FB38-44F6-4E02-BBBE-2172264302B9}
	EndGlobalSection
EndGlobal
